
Microsoft Visual Studio Solution File, Format Version 12.00
# Visual Studio 15
VisualStudioVersion = 15.0.27703.2000
MinimumVisualStudioVersion = 10.0.40219.1
Project("{888888A0-9F3D-457C-B088-3A5042F75D52}") = "hagelkorn", "hagelkorn\hagelkorn.pyproj", "{FB6FAB3C-98F7-4579-8EEF-DA8DA24FF6A6}"
EndProject
Project("{2150E333-8FDC-42A3-9474-1A3956D46DE8}") = "Solution Items", "Solution Items", "{D1813558-B955-41CA-8751-C02C696BFBDE}"
	ProjectSection(SolutionItems) = preProject
		.gitlab-ci.yml = .gitlab-ci.yml
		README.md = README.md
		requirements.txt = requirements.txt
	EndProjectSection
EndProject
Project("{FAE04EC0-301F-11D3-BF4B-00C04F79EFBC}") = "Dib.Hagelkorn", "Dib.Hagelkorn\Dib.Hagelkorn.csproj", "{B5F2F4F9-EA30-41DE-BA00-0C963F1D6882}"
EndProject
Project("{FAE04EC0-301F-11D3-BF4B-00C04F79EFBC}") = "Dib.Hagelkorn.Tests", "Dib.Hagelkorn.Tests\Dib.Hagelkorn.Tests.csproj", "{874D9203-51CD-46E4-B04C-E6F7D60D7AFF}"
EndProject
Global
	GlobalSection(SolutionConfigurationPlatforms) = preSolution
		Debug|Any CPU = Debug|Any CPU
		Release|Any CPU = Release|Any CPU
	EndGlobalSection
	GlobalSection(ProjectConfigurationPlatforms) = postSolution
		{FB6FAB3C-98F7-4579-8EEF-DA8DA24FF6A6}.Debug|Any CPU.ActiveCfg = Debug|Any CPU
		{FB6FAB3C-98F7-4579-8EEF-DA8DA24FF6A6}.Release|Any CPU.ActiveCfg = Release|Any CPU
		{B5F2F4F9-EA30-41DE-BA00-0C963F1D6882}.Debug|Any CPU.ActiveCfg = Debug|Any CPU
		{B5F2F4F9-EA30-41DE-BA00-0C963F1D6882}.Debug|Any CPU.Build.0 = Debug|Any CPU
		{B5F2F4F9-EA30-41DE-BA00-0C963F1D6882}.Release|Any CPU.ActiveCfg = Release|Any CPU
		{B5F2F4F9-EA30-41DE-BA00-0C963F1D6882}.Release|Any CPU.Build.0 = Release|Any CPU
		{874D9203-51CD-46E4-B04C-E6F7D60D7AFF}.Debug|Any CPU.ActiveCfg = Debug|Any CPU
		{874D9203-51CD-46E4-B04C-E6F7D60D7AFF}.Debug|Any CPU.Build.0 = Debug|Any CPU
		{874D9203-51CD-46E4-B04C-E6F7D60D7AFF}.Release|Any CPU.ActiveCfg = Release|Any CPU
		{874D9203-51CD-46E4-B04C-E6F7D60D7AFF}.Release|Any CPU.Build.0 = Release|Any CPU
	EndGlobalSection
	GlobalSection(SolutionProperties) = preSolution
		HideSolutionNode = FALSE
	EndGlobalSection
	GlobalSection(ExtensibilityGlobals) = postSolution
		SolutionGuid = {A3B2E33A-22D5-49F2-B52E-5FB088B430D0}
	EndGlobalSection
EndGlobal
